
Microsoft Visual Studio Solution File, Format Version 12.00
# Visual Studio 15
VisualStudioVersion = 15.0.28307.136
MinimumVisualStudioVersion = 10.0.40219.1
Project("{9A19103F-16F7-4668-BE54-9A1E7A4F7556}") = "FotoQuestGo.API.Quest", "FotoQuestGo.API.Quest\FotoQuestGo.API.Quest.csproj", "{544EA11E-FE7A-49C8-BDA7-5871A11DD62D}"
EndProject
Project("{9A19103F-16F7-4668-BE54-9A1E7A4F7556}") = "FotoQuestGo.API.Quest.IntegrationTesting", "FotoQuestGo.API.Quest.IntegrationTesting\FotoQuestGo.API.Quest.IntegrationTesting.csproj", "{FF34E767-4905-4AE6-BC57-FDC0C3A11081}"
EndProject
Project("{FAE04EC0-301F-11D3-BF4B-00C04F79EFBC}") = "FotoQuestGo.API.Foto", "FotoQuestGo.API.Foto\FotoQuestGo.API.Foto.csproj", "{FEBDA386-BCB8-45EE-8873-34C43F9E6698}"
EndProject
Project("{FAE04EC0-301F-11D3-BF4B-00C04F79EFBC}") = "FotoQuestGo.API.Foto.IntegrationTesting", "FotoQuestGo.API.Foto.IntegrationTesting\FotoQuestGo.API.Foto.IntegrationTesting.csproj", "{9BD4335E-1DDE-45F3-A211-902719637954}"
EndProject
Project("{FAE04EC0-301F-11D3-BF4B-00C04F79EFBC}") = "FotoQuestGo.Common", "FotoQuestGo.Common\FotoQuestGo.Common.csproj", "{3ECFA40A-D4D8-44F9-9700-D4953D05EB5D}"
EndProject
Global
	GlobalSection(SolutionConfigurationPlatforms) = preSolution
		Debug|Any CPU = Debug|Any CPU
		Release|Any CPU = Release|Any CPU
	EndGlobalSection
	GlobalSection(ProjectConfigurationPlatforms) = postSolution
		{544EA11E-FE7A-49C8-BDA7-5871A11DD62D}.Debug|Any CPU.ActiveCfg = Debug|Any CPU
		{544EA11E-FE7A-49C8-BDA7-5871A11DD62D}.Debug|Any CPU.Build.0 = Debug|Any CPU
		{544EA11E-FE7A-49C8-BDA7-5871A11DD62D}.Release|Any CPU.ActiveCfg = Release|Any CPU
		{544EA11E-FE7A-49C8-BDA7-5871A11DD62D}.Release|Any CPU.Build.0 = Release|Any CPU
		{FF34E767-4905-4AE6-BC57-FDC0C3A11081}.Debug|Any CPU.ActiveCfg = Debug|Any CPU
		{FF34E767-4905-4AE6-BC57-FDC0C3A11081}.Debug|Any CPU.Build.0 = Debug|Any CPU
		{FF34E767-4905-4AE6-BC57-FDC0C3A11081}.Release|Any CPU.ActiveCfg = Release|Any CPU
		{FF34E767-4905-4AE6-BC57-FDC0C3A11081}.Release|Any CPU.Build.0 = Release|Any CPU
		{FEBDA386-BCB8-45EE-8873-34C43F9E6698}.Debug|Any CPU.ActiveCfg = Debug|Any CPU
		{FEBDA386-BCB8-45EE-8873-34C43F9E6698}.Debug|Any CPU.Build.0 = Debug|Any CPU
		{FEBDA386-BCB8-45EE-8873-34C43F9E6698}.Release|Any CPU.ActiveCfg = Release|Any CPU
		{FEBDA386-BCB8-45EE-8873-34C43F9E6698}.Release|Any CPU.Build.0 = Release|Any CPU
		{9BD4335E-1DDE-45F3-A211-902719637954}.Debug|Any CPU.ActiveCfg = Debug|Any CPU
		{9BD4335E-1DDE-45F3-A211-902719637954}.Debug|Any CPU.Build.0 = Debug|Any CPU
		{9BD4335E-1DDE-45F3-A211-902719637954}.Release|Any CPU.ActiveCfg = Release|Any CPU
		{9BD4335E-1DDE-45F3-A211-902719637954}.Release|Any CPU.Build.0 = Release|Any CPU
		{3ECFA40A-D4D8-44F9-9700-D4953D05EB5D}.Debug|Any CPU.ActiveCfg = Debug|Any CPU
		{3ECFA40A-D4D8-44F9-9700-D4953D05EB5D}.Debug|Any CPU.Build.0 = Debug|Any CPU
		{3ECFA40A-D4D8-44F9-9700-D4953D05EB5D}.Release|Any CPU.ActiveCfg = Release|Any CPU
		{3ECFA40A-D4D8-44F9-9700-D4953D05EB5D}.Release|Any CPU.Build.0 = Release|Any CPU
	EndGlobalSection
	GlobalSection(SolutionProperties) = preSolution
		HideSolutionNode = FALSE
	EndGlobalSection
	GlobalSection(ExtensibilityGlobals) = postSolution
		SolutionGuid = {4237EEC4-A090-4073-870F-731378847F27}
	EndGlobalSection
EndGlobal
